{"version":4,"terraform_version":"1.11.5","serial":5,"lineage":"37cc0be8-90c5-7c3d-65c7-410371e82453","outputs":{"vm_name":{"value":"pet-project","type":"string"}},"resources":[{"mode":"managed","type":"libvirt_cloudinit_disk","name":"cloudinit","provider":"provider[\"registry.terraform.io/dmacvicar/libvirt\"]","instances":[{"schema_version":0,"attributes":{"id":"714a6f778969e7be","meta_data":"instance-id: pet-project\nlocal-hostname: pet-project\n","name":"pet-project-cloudinit.iso","network_config":null,"path":"/tmp/terraform-provider-libvirt-cloudinit/cloudinit-714a6f778969e7be.iso","size":43008,"user_data":"#cloud-config\nhostname: pet-project\nusers:\n  - name: sre\n    sudo: ALL=(ALL) NOPASSWD:ALL\n    shell: /bin/bash\n    ssh_authorized_keys:\n      - ssh-ed25519 AAAAC3NzaC1lZDI1NTE5AAAAIMYf+WR8NNSYjah6TEk8T5KnqquSWa09imx+2FvRin0U sergey@Aurora\n\npackage_update: true\nruncmd:\n  - systemctl enable --now docker\n"},"sensitive_attributes":[]}]},{"mode":"managed","type":"libvirt_domain","name":"pet_project","provider":"provider[\"registry.terraform.io/dmacvicar/libvirt\"]","instances":[{"schema_version":0,"attributes":{"autostart":null,"bhyve_commandline":null,"block_io_tune":null,"bootloader":null,"bootloader_args":null,"clock":null,"cpu":null,"cpu_tune":null,"create":null,"current_memory":null,"current_memory_unit":null,"default_io_thread":null,"description":null,"destroy":null,"devices":{"audios":null,"channels":null,"consoles":null,"controllers":null,"crypto":null,"disks":null,"emulator":null,"filesystems":null,"graphics":null,"hostdevs":null,"hubs":null,"inputs":null,"interfaces":null,"iommu":null,"leases":null,"mem_balloon":null,"memorydevs":null,"nvram":null,"panics":null,"parallels":null,"pstore":null,"redir_devs":null,"redir_filters":null,"rngs":null,"serials":null,"shmems":null,"smartcards":null,"sounds":null,"tpms":null,"videos":null,"vsock":null,"watchdogs":null},"features":null,"gen_id":null,"hwuuid":null,"id":null,"id_map":null,"io_thread_i_ds":null,"io_threads":null,"key_wrap":null,"launch_security":null,"lxc_namespace":null,"maximum_memory":null,"maximum_memory_slots":null,"maximum_memory_unit":null,"memory":2048,"memory_backing":null,"memory_dump_core":null,"memory_tune":null,"memory_unit":null,"metadata":null,"name":"pet-project","numa_tune":null,"on_crash":null,"on_poweroff":null,"on_reboot":null,"os":{"acpi":null,"bios":null,"boot_devices":null,"boot_menu":null,"cmdline":null,"dtb":null,"firmware":null,"firmware_info":null,"init":null,"init_args":null,"init_dir":null,"init_env":null,"init_group":null,"init_user":null,"initrd":null,"kernel":null,"loader":null,"loader_format":null,"loader_readonly":null,"loader_secure":null,"loader_stateless":null,"loader_type":null,"nv_ram":null,"shim":null,"sm_bios":null,"type":"hvm","type_arch":null,"type_machine":null},"perf":null,"pm":null,"qemu_capabilities":null,"qemu_commandline":null,"qemu_deprecation":null,"qemu_override":null,"resource":null,"running":null,"sec_label":null,"sys_info":null,"throttle_groups":null,"title":null,"type":"kvm","update":null,"uuid":"3784a3f8-851f-4d80-b420-49d960168355","vcpu":2,"vcpu_cpuset":null,"vcpu_current":null,"vcpu_placement":null,"vcpus":null,"vmware_data_center_path":null,"xen_commandline":null},"sensitive_attributes":[]}]},{"mode":"managed","type":"libvirt_volume","name":"debian12_base","provider":"provider[\"registry.terraform.io/dmacvicar/libvirt\"]","instances":[{"schema_version":0,"attributes":{"allocation":346820608,"allocation_unit":"bytes","backing_store":null,"capacity":3221225472,"capacity_unit":"bytes","create":null,"id":"/var/lib/libvirt/images/debian12-base.qcow2","key":"/var/lib/libvirt/images/debian12-base.qcow2","name":"debian12-base.qcow2","path":"/var/lib/libvirt/images/debian12-base.qcow2","physical":346816512,"physical_unit":"bytes","pool":"default","target":{"cluster_size":65536,"cluster_size_unit":"B","compat":"1.1","encryption":null,"features":[{}],"format":{"type":"qcow2"},"path":"/var/lib/libvirt/images/debian12-base.qcow2","permissions":{"group":"0","label":"unconfined_u:object_r:virt_image_t:s0","mode":"0644","owner":"0"},"timestamps":{"atime":"1787283980.525850733","ctime":"1787283980.524801219","mtime":"1786035177"}},"type":"file"},"sensitive_attributes":[]}]},{"mode":"managed","type":"libvirt_volume","name":"vm_disk","provider":"provider[\"registry.terraform.io/dmacvicar/libvirt\"]","instances":[{"schema_version":0,"attributes":{"allocation":0,"allocation_unit":null,"backing_store":null,"capacity":10737418240,"capacity_unit":null,"create":null,"id":"/var/lib/libvirt/images/pet-project-vm.qcow2","key":"/var/lib/libvirt/images/pet-project-vm.qcow2","name":"pet-project-vm.qcow2","path":"/var/lib/libvirt/images/pet-project-vm.qcow2","physical":10737418240,"physical_unit":null,"pool":"default","target":null,"type":null},"sensitive_attributes":[]}]}],"check_results":null}
